
Microsoft Visual Studio Solution File, Format Version 12.00
# Visual Studio Version 17
VisualStudioVersion = 17.8.34330.188
MinimumVisualStudioVersion = 10.0.40219.1
Project("{FAE04EC0-301F-11D3-BF4B-00C04F79EFBC}") = "Talabat.APIs", "Talabat.APIs\Talabat.APIs.csproj", "{819645DC-BACE-4289-9DD6-271EAD76BFB3}"
EndProject
Project("{FAE04EC0-301F-11D3-BF4B-00C04F79EFBC}") = "Talabat.Core", "Talabat.Core\Talabat.Core.csproj", "{22A6E99B-D920-4921-A184-F5718820F94A}"
EndProject
Project("{FAE04EC0-301F-11D3-BF4B-00C04F79EFBC}") = "Talabat.Infrastructure", "Talabat.Infrastructure\Talabat.Infrastructure.csproj", "{8E31F037-63CD-4810-B179-D973A67502DB}"
EndProject
Project("{FAE04EC0-301F-11D3-BF4B-00C04F79EFBC}") = "Talabat.Service", "Talabat.Service\Talabat.Service.csproj", "{73589DED-416A-4EBE-8955-4A708E41626D}"
EndProject
Global
	GlobalSection(SolutionConfigurationPlatforms) = preSolution
		Debug|Any CPU = Debug|Any CPU
		Release|Any CPU = Release|Any CPU
	EndGlobalSection
	GlobalSection(ProjectConfigurationPlatforms) = postSolution
		{819645DC-BACE-4289-9DD6-271EAD76BFB3}.Debug|Any CPU.ActiveCfg = Debug|Any CPU
		{819645DC-BACE-4289-9DD6-271EAD76BFB3}.Debug|Any CPU.Build.0 = Debug|Any CPU
		{819645DC-BACE-4289-9DD6-271EAD76BFB3}.Release|Any CPU.ActiveCfg = Release|Any CPU
		{819645DC-BACE-4289-9DD6-271EAD76BFB3}.Release|Any CPU.Build.0 = Release|Any CPU
		{22A6E99B-D920-4921-A184-F5718820F94A}.Debug|Any CPU.ActiveCfg = Debug|Any CPU
		{22A6E99B-D920-4921-A184-F5718820F94A}.Debug|Any CPU.Build.0 = Debug|Any CPU
		{22A6E99B-D920-4921-A184-F5718820F94A}.Release|Any CPU.ActiveCfg = Release|Any CPU
		{22A6E99B-D920-4921-A184-F5718820F94A}.Release|Any CPU.Build.0 = Release|Any CPU
		{8E31F037-63CD-4810-B179-D973A67502DB}.Debug|Any CPU.ActiveCfg = Debug|Any CPU
		{8E31F037-63CD-4810-B179-D973A67502DB}.Debug|Any CPU.Build.0 = Debug|Any CPU
		{8E31F037-63CD-4810-B179-D973A67502DB}.Release|Any CPU.ActiveCfg = Release|Any CPU
		{8E31F037-63CD-4810-B179-D973A67502DB}.Release|Any CPU.Build.0 = Release|Any CPU
		{73589DED-416A-4EBE-8955-4A708E41626D}.Debug|Any CPU.ActiveCfg = Debug|Any CPU
		{73589DED-416A-4EBE-8955-4A708E41626D}.Debug|Any CPU.Build.0 = Debug|Any CPU
		{73589DED-416A-4EBE-8955-4A708E41626D}.Release|Any CPU.ActiveCfg = Release|Any CPU
		{73589DED-416A-4EBE-8955-4A708E41626D}.Release|Any CPU.Build.0 = Release|Any CPU
	EndGlobalSection
	GlobalSection(SolutionProperties) = preSolution
		HideSolutionNode = FALSE
	EndGlobalSection
	GlobalSection(ExtensibilityGlobals) = postSolution
		SolutionGuid = {54CCA643-8848-4931-92D6-18AD98EC587B}
	EndGlobalSection
EndGlobal
